// !$*UTF8*$!
{
	archiveVersion = 1;
	classes = {
	};
	objectVersion = 48;
	objects = {

/* Begin PBXBuildFile section */
		4A7628CA206DA09F00C5D9C5 /* AddNewPlaceViewController.swift in Sources */ = {isa = PBXBuildFile; fileRef = 4A7628C9206DA09F00C5D9C5 /* AddNewPlaceViewController.swift */; };
		4A7628CC206DA0D200C5D9C5 /* StudentsPlacesMapViewController.swift in Sources */ = {isa = PBXBuildFile; fileRef = 4A7628CB206DA0D200C5D9C5 /* StudentsPlacesMapViewController.swift */; };
		4A7628CE206DA0FC00C5D9C5 /* StudentsPlacesListViewController.swift in Sources */ = {isa = PBXBuildFile; fileRef = 4A7628CD206DA0FC00C5D9C5 /* StudentsPlacesListViewController.swift */; };
		4A8EA61020630549004F6713 /* AppDelegate.swift in Sources */ = {isa = PBXBuildFile; fileRef = 4A8EA60F20630549004F6713 /* AppDelegate.swift */; };
		4A8EA61220630549004F6713 /* LoginViewController.swift in Sources */ = {isa = PBXBuildFile; fileRef = 4A8EA61120630549004F6713 /* LoginViewController.swift */; };
		4A8EA61520630549004F6713 /* Main.storyboard in Resources */ = {isa = PBXBuildFile; fileRef = 4A8EA61320630549004F6713 /* Main.storyboard */; };
		4A8EA61720630549004F6713 /* Assets.xcassets in Resources */ = {isa = PBXBuildFile; fileRef = 4A8EA61620630549004F6713 /* Assets.xcassets */; };
		4A8EA61A20630549004F6713 /* LaunchScreen.storyboard in Resources */ = {isa = PBXBuildFile; fileRef = 4A8EA61820630549004F6713 /* LaunchScreen.storyboard */; };
		4A8EA62520630549004F6713 /* OnTheMapAppTests.swift in Sources */ = {isa = PBXBuildFile; fileRef = 4A8EA62420630549004F6713 /* OnTheMapAppTests.swift */; };
		4A8EA63020630549004F6713 /* OnTheMapAppUITests.swift in Sources */ = {isa = PBXBuildFile; fileRef = 4A8EA62F20630549004F6713 /* OnTheMapAppUITests.swift */; };
		4A96BA7120717E5B00C29113 /* UdacityAuthViewController.swift in Sources */ = {isa = PBXBuildFile; fileRef = 4A96BA7020717E5B00C29113 /* UdacityAuthViewController.swift */; };
		4A96BA73207AC59200C29113 /* OnTheMapTabViewController.swift in Sources */ = {isa = PBXBuildFile; fileRef = 4A96BA72207AC59200C29113 /* OnTheMapTabViewController.swift */; };
		4AF0C2DA206AF62400172F3E /* GCDBlackBox.swift in Sources */ = {isa = PBXBuildFile; fileRef = 4AF0C2D9206AF62400172F3E /* GCDBlackBox.swift */; };
		4AF0C2DF206C51B100172F3E /* ParseStudentInformation.swift in Sources */ = {isa = PBXBuildFile; fileRef = 4AF0C2DE206C51B100172F3E /* ParseStudentInformation.swift */; };
		4AF0C2E1206C526C00172F3E /* ParseClient.swift in Sources */ = {isa = PBXBuildFile; fileRef = 4AF0C2E0206C526C00172F3E /* ParseClient.swift */; };
		4AF0C2E3206C52BC00172F3E /* ParseConvenience.swift in Sources */ = {isa = PBXBuildFile; fileRef = 4AF0C2E2206C52BC00172F3E /* ParseConvenience.swift */; };
		4AF0C2E5206C52D100172F3E /* ParseConstants.swift in Sources */ = {isa = PBXBuildFile; fileRef = 4AF0C2E4206C52D100172F3E /* ParseConstants.swift */; };
		4AF0C2E7206C52DF00172F3E /* ParseConfig.swift in Sources */ = {isa = PBXBuildFile; fileRef = 4AF0C2E6206C52DF00172F3E /* ParseConfig.swift */; };
		4AF0C2E9206C530C00172F3E /* UdacityClient.swift in Sources */ = {isa = PBXBuildFile; fileRef = 4AF0C2E8206C530C00172F3E /* UdacityClient.swift */; };
		4AF0C2ED206C532D00172F3E /* UdacityConstants.swift in Sources */ = {isa = PBXBuildFile; fileRef = 4AF0C2EC206C532D00172F3E /* UdacityConstants.swift */; };
		4AF0C2EF206C534400172F3E /* UdacityConvenience.swift in Sources */ = {isa = PBXBuildFile; fileRef = 4AF0C2EE206C534400172F3E /* UdacityConvenience.swift */; };
/* End PBXBuildFile section */

/* Begin PBXContainerItemProxy section */
		4A8EA62120630549004F6713 /* PBXContainerItemProxy */ = {
			isa = PBXContainerItemProxy;
			containerPortal = 4A8EA60420630549004F6713 /* Project object */;
			proxyType = 1;
			remoteGlobalIDString = 4A8EA60B20630549004F6713;
			remoteInfo = OnTheMapApp;
		};
		4A8EA62C20630549004F6713 /* PBXContainerItemProxy */ = {
			isa = PBXContainerItemProxy;
			containerPortal = 4A8EA60420630549004F6713 /* Project object */;
			proxyType = 1;
			remoteGlobalIDString = 4A8EA60B20630549004F6713;
			remoteInfo = OnTheMapApp;
		};
/* End PBXContainerItemProxy section */

/* Begin PBXFileReference section */
		4A7628C9206DA09F00C5D9C5 /* AddNewPlaceViewController.swift */ = {isa = PBXFileReference; lastKnownFileType = sourcecode.swift; path = AddNewPlaceViewController.swift; sourceTree = "<group>"; };
		4A7628CB206DA0D200C5D9C5 /* StudentsPlacesMapViewController.swift */ = {isa = PBXFileReference; lastKnownFileType = sourcecode.swift; path = StudentsPlacesMapViewController.swift; sourceTree = "<group>"; };
		4A7628CD206DA0FC00C5D9C5 /* StudentsPlacesListViewController.swift */ = {isa = PBXFileReference; lastKnownFileType = sourcecode.swift; path = StudentsPlacesListViewController.swift; sourceTree = "<group>"; };
		4A8EA60C20630549004F6713 /* OnTheMapApp.app */ = {isa = PBXFileReference; explicitFileType = wrapper.application; includeInIndex = 0; path = OnTheMapApp.app; sourceTree = BUILT_PRODUCTS_DIR; };
		4A8EA60F20630549004F6713 /* AppDelegate.swift */ = {isa = PBXFileReference; lastKnownFileType = sourcecode.swift; path = AppDelegate.swift; sourceTree = "<group>"; };
		4A8EA61120630549004F6713 /* LoginViewController.swift */ = {isa = PBXFileReference; lastKnownFileType = sourcecode.swift; path = LoginViewController.swift; sourceTree = "<group>"; };
		4A8EA61420630549004F6713 /* Base */ = {isa = PBXFileReference; lastKnownFileType = file.storyboard; name = Base; path = Base.lproj/Main.storyboard; sourceTree = "<group>"; };
		4A8EA61620630549004F6713 /* Assets.xcassets */ = {isa = PBXFileReference; lastKnownFileType = folder.assetcatalog; path = Assets.xcassets; sourceTree = "<group>"; };
		4A8EA61920630549004F6713 /* Base */ = {isa = PBXFileReference; lastKnownFileType = file.storyboard; name = Base; path = Base.lproj/LaunchScreen.storyboard; sourceTree = "<group>"; };
		4A8EA61B20630549004F6713 /* Info.plist */ = {isa = PBXFileReference; lastKnownFileType = text.plist.xml; name = Info.plist; path = ../Info.plist; sourceTree = "<group>"; };
		4A8EA62020630549004F6713 /* OnTheMapAppTests.xctest */ = {isa = PBXFileReference; explicitFileType = wrapper.cfbundle; includeInIndex = 0; path = OnTheMapAppTests.xctest; sourceTree = BUILT_PRODUCTS_DIR; };
		4A8EA62420630549004F6713 /* OnTheMapAppTests.swift */ = {isa = PBXFileReference; lastKnownFileType = sourcecode.swift; path = OnTheMapAppTests.swift; sourceTree = "<group>"; };
		4A8EA62620630549004F6713 /* Info.plist */ = {isa = PBXFileReference; lastKnownFileType = text.plist.xml; path = Info.plist; sourceTree = "<group>"; };
		4A8EA62B20630549004F6713 /* OnTheMapAppUITests.xctest */ = {isa = PBXFileReference; explicitFileType = wrapper.cfbundle; includeInIndex = 0; path = OnTheMapAppUITests.xctest; sourceTree = BUILT_PRODUCTS_DIR; };
		4A8EA62F20630549004F6713 /* OnTheMapAppUITests.swift */ = {isa = PBXFileReference; lastKnownFileType = sourcecode.swift; path = OnTheMapAppUITests.swift; sourceTree = "<group>"; };
		4A8EA63120630549004F6713 /* Info.plist */ = {isa = PBXFileReference; lastKnownFileType = text.plist.xml; path = Info.plist; sourceTree = "<group>"; };
		4A96BA7020717E5B00C29113 /* UdacityAuthViewController.swift */ = {isa = PBXFileReference; lastKnownFileType = sourcecode.swift; path = UdacityAuthViewController.swift; sourceTree = "<group>"; };
		4A96BA72207AC59200C29113 /* OnTheMapTabViewController.swift */ = {isa = PBXFileReference; lastKnownFileType = sourcecode.swift; path = OnTheMapTabViewController.swift; sourceTree = "<group>"; };
		4AF0C2D9206AF62400172F3E /* GCDBlackBox.swift */ = {isa = PBXFileReference; lastKnownFileType = sourcecode.swift; path = GCDBlackBox.swift; sourceTree = "<group>"; };
		4AF0C2DE206C51B100172F3E /* ParseStudentInformation.swift */ = {isa = PBXFileReference; lastKnownFileType = sourcecode.swift; path = ParseStudentInformation.swift; sourceTree = "<group>"; };
		4AF0C2E0206C526C00172F3E /* ParseClient.swift */ = {isa = PBXFileReference; lastKnownFileType = sourcecode.swift; path = ParseClient.swift; sourceTree = "<group>"; };
		4AF0C2E2206C52BC00172F3E /* ParseConvenience.swift */ = {isa = PBXFileReference; lastKnownFileType = sourcecode.swift; path = ParseConvenience.swift; sourceTree = "<group>"; };
		4AF0C2E4206C52D100172F3E /* ParseConstants.swift */ = {isa = PBXFileReference; lastKnownFileType = sourcecode.swift; path = ParseConstants.swift; sourceTree = "<group>"; };
		4AF0C2E6206C52DF00172F3E /* ParseConfig.swift */ = {isa = PBXFileReference; lastKnownFileType = sourcecode.swift; path = ParseConfig.swift; sourceTree = "<group>"; };
		4AF0C2E8206C530C00172F3E /* UdacityClient.swift */ = {isa = PBXFileReference; lastKnownFileType = sourcecode.swift; path = UdacityClient.swift; sourceTree = "<group>"; };
		4AF0C2EC206C532D00172F3E /* UdacityConstants.swift */ = {isa = PBXFileReference; lastKnownFileType = sourcecode.swift; path = UdacityConstants.swift; sourceTree = "<group>"; };
		4AF0C2EE206C534400172F3E /* UdacityConvenience.swift */ = {isa = PBXFileReference; lastKnownFileType = sourcecode.swift; path = UdacityConvenience.swift; sourceTree = "<group>"; };
/* End PBXFileReference section */

/* Begin PBXFrameworksBuildPhase section */
		4A8EA60920630549004F6713 /* Frameworks */ = {
			isa = PBXFrameworksBuildPhase;
			buildActionMask = 2147483647;
			files = (
			);
			runOnlyForDeploymentPostprocessing = 0;
		};
		4A8EA61D20630549004F6713 /* Frameworks */ = {
			isa = PBXFrameworksBuildPhase;
			buildActionMask = 2147483647;
			files = (
			);
			runOnlyForDeploymentPostprocessing = 0;
		};
		4A8EA62820630549004F6713 /* Frameworks */ = {
			isa = PBXFrameworksBuildPhase;
			buildActionMask = 2147483647;
			files = (
			);
			runOnlyForDeploymentPostprocessing = 0;
		};
/* End PBXFrameworksBuildPhase section */

/* Begin PBXGroup section */
		4A8EA60320630549004F6713 = {
			isa = PBXGroup;
			children = (
				4A8EA60E20630549004F6713 /* OnTheMapApp */,
				4A8EA62320630549004F6713 /* OnTheMapAppTests */,
				4A8EA62E20630549004F6713 /* OnTheMapAppUITests */,
				4A8EA60D20630549004F6713 /* Products */,
			);
			sourceTree = "<group>";
		};
		4A8EA60D20630549004F6713 /* Products */ = {
			isa = PBXGroup;
			children = (
				4A8EA60C20630549004F6713 /* OnTheMapApp.app */,
				4A8EA62020630549004F6713 /* OnTheMapAppTests.xctest */,
				4A8EA62B20630549004F6713 /* OnTheMapAppUITests.xctest */,
			);
			name = Products;
			sourceTree = "<group>";
		};
		4A8EA60E20630549004F6713 /* OnTheMapApp */ = {
			isa = PBXGroup;
			children = (
				4A8EA60F20630549004F6713 /* AppDelegate.swift */,
				4AF0C2D9206AF62400172F3E /* GCDBlackBox.swift */,
				4AF0C2D4206AF4F300172F3E /* Model */,
				4AF0C2D5206AF4FD00172F3E /* View */,
				4AF0C2D6206AF50300172F3E /* Controller */,
				4AF0C2D7206AF50A00172F3E /* Assets */,
				4AF0C2D8206AF55D00172F3E /* Supporting Files */,
			);
			path = OnTheMapApp;
			sourceTree = "<group>";
		};
		4A8EA62320630549004F6713 /* OnTheMapAppTests */ = {
			isa = PBXGroup;
			children = (
				4A8EA62420630549004F6713 /* OnTheMapAppTests.swift */,
				4A8EA63120630549004F6713 /* Info.plist */,
			);
			path = OnTheMapAppTests;
			sourceTree = "<group>";
		};
		4A8EA62E20630549004F6713 /* OnTheMapAppUITests */ = {
			isa = PBXGroup;
			children = (
				4A8EA62F20630549004F6713 /* OnTheMapAppUITests.swift */,
				4A8EA62620630549004F6713 /* Info.plist */,
			);
			path = OnTheMapAppUITests;
			sourceTree = "<group>";
		};
		4AF0C2D4206AF4F300172F3E /* Model */ = {
			isa = PBXGroup;
			children = (
				4AF0C2DB206AF72800172F3E /* Clients */,
			);
			path = Model;
			sourceTree = "<group>";
		};
		4AF0C2D5206AF4FD00172F3E /* View */ = {
			isa = PBXGroup;
			children = (
			);
			path = View;
			sourceTree = "<group>";
		};
		4AF0C2D6206AF50300172F3E /* Controller */ = {
			isa = PBXGroup;
			children = (
				4A8EA61120630549004F6713 /* LoginViewController.swift */,
				4A7628C9206DA09F00C5D9C5 /* AddNewPlaceViewController.swift */,
				4A7628CB206DA0D200C5D9C5 /* StudentsPlacesMapViewController.swift */,
				4A7628CD206DA0FC00C5D9C5 /* StudentsPlacesListViewController.swift */,
				4A96BA72207AC59200C29113 /* OnTheMapTabViewController.swift */,
			);
			path = Controller;
			sourceTree = "<group>";
		};
		4AF0C2D7206AF50A00172F3E /* Assets */ = {
			isa = PBXGroup;
			children = (
				4A8EA61820630549004F6713 /* LaunchScreen.storyboard */,
				4A8EA61620630549004F6713 /* Assets.xcassets */,
				4A8EA61320630549004F6713 /* Main.storyboard */,
			);
			path = Assets;
			sourceTree = "<group>";
		};
		4AF0C2D8206AF55D00172F3E /* Supporting Files */ = {
			isa = PBXGroup;
			children = (
				4A8EA61B20630549004F6713 /* Info.plist */,
			);
			path = "Supporting Files";
			sourceTree = "<group>";
		};
		4AF0C2DB206AF72800172F3E /* Clients */ = {
			isa = PBXGroup;
			children = (
				4AF0C2DD206AF73500172F3E /* Parse */,
				4AF0C2DC206AF72F00172F3E /* Udacity */,
			);
			path = Clients;
			sourceTree = "<group>";
		};
		4AF0C2DC206AF72F00172F3E /* Udacity */ = {
			isa = PBXGroup;
			children = (
				4AF0C2E8206C530C00172F3E /* UdacityClient.swift */,
				4AF0C2EC206C532D00172F3E /* UdacityConstants.swift */,
				4AF0C2EE206C534400172F3E /* UdacityConvenience.swift */,
				4A96BA7020717E5B00C29113 /* UdacityAuthViewController.swift */,
			);
			path = Udacity;
			sourceTree = "<group>";
		};
		4AF0C2DD206AF73500172F3E /* Parse */ = {
			isa = PBXGroup;
			children = (
				4AF0C2E0206C526C00172F3E /* ParseClient.swift */,
				4AF0C2E6206C52DF00172F3E /* ParseConfig.swift */,
				4AF0C2E4206C52D100172F3E /* ParseConstants.swift */,
				4AF0C2E2206C52BC00172F3E /* ParseConvenience.swift */,
				4AF0C2DE206C51B100172F3E /* ParseStudentInformation.swift */,
			);
			path = Parse;
			sourceTree = "<group>";
		};
/* End PBXGroup section */

/* Begin PBXNativeTarget section */
		4A8EA60B20630549004F6713 /* OnTheMapApp */ = {
			isa = PBXNativeTarget;
			buildConfigurationList = 4A8EA63420630549004F6713 /* Build configuration list for PBXNativeTarget "OnTheMapApp" */;
			buildPhases = (
				4A8EA60820630549004F6713 /* Sources */,
				4A8EA60920630549004F6713 /* Frameworks */,
				4A8EA60A20630549004F6713 /* Resources */,
			);
			buildRules = (
			);
			dependencies = (
			);
			name = OnTheMapApp;
			productName = OnTheMapApp;
			productReference = 4A8EA60C20630549004F6713 /* OnTheMapApp.app */;
			productType = "com.apple.product-type.application";
		};
		4A8EA61F20630549004F6713 /* OnTheMapAppTests */ = {
			isa = PBXNativeTarget;
			buildConfigurationList = 4A8EA63720630549004F6713 /* Build configuration list for PBXNativeTarget "OnTheMapAppTests" */;
			buildPhases = (
				4A8EA61C20630549004F6713 /* Sources */,
				4A8EA61D20630549004F6713 /* Frameworks */,
				4A8EA61E20630549004F6713 /* Resources */,
			);
			buildRules = (
			);
			dependencies = (
				4A8EA62220630549004F6713 /* PBXTargetDependency */,
			);
			name = OnTheMapAppTests;
			productName = OnTheMapAppTests;
			productReference = 4A8EA62020630549004F6713 /* OnTheMapAppTests.xctest */;
			productType = "com.apple.product-type.bundle.unit-test";
		};
		4A8EA62A20630549004F6713 /* OnTheMapAppUITests */ = {
			isa = PBXNativeTarget;
			buildConfigurationList = 4A8EA63A20630549004F6713 /* Build configuration list for PBXNativeTarget "OnTheMapAppUITests" */;
			buildPhases = (
				4A8EA62720630549004F6713 /* Sources */,
				4A8EA62820630549004F6713 /* Frameworks */,
				4A8EA62920630549004F6713 /* Resources */,
			);
			buildRules = (
			);
			dependencies = (
				4A8EA62D20630549004F6713 /* PBXTargetDependency */,
			);
			name = OnTheMapAppUITests;
			productName = OnTheMapAppUITests;
			productReference = 4A8EA62B20630549004F6713 /* OnTheMapAppUITests.xctest */;
			productType = "com.apple.product-type.bundle.ui-testing";
		};
/* End PBXNativeTarget section */

/* Begin PBXProject section */
		4A8EA60420630549004F6713 /* Project object */ = {
			isa = PBXProject;
			attributes = {
				LastSwiftUpdateCheck = 0920;
				LastUpgradeCheck = 0930;
				ORGANIZATIONNAME = "Max Boguslavskiy";
				TargetAttributes = {
					4A8EA60B20630549004F6713 = {
						CreatedOnToolsVersion = 9.2;
						ProvisioningStyle = Automatic;
					};
					4A8EA61F20630549004F6713 = {
						CreatedOnToolsVersion = 9.2;
						ProvisioningStyle = Automatic;
						TestTargetID = 4A8EA60B20630549004F6713;
					};
					4A8EA62A20630549004F6713 = {
						CreatedOnToolsVersion = 9.2;
						ProvisioningStyle = Automatic;
						TestTargetID = 4A8EA60B20630549004F6713;
					};
				};
			};
			buildConfigurationList = 4A8EA60720630549004F6713 /* Build configuration list for PBXProject "OnTheMapApp" */;
			compatibilityVersion = "Xcode 8.0";
			developmentRegion = en;
			hasScannedForEncodings = 0;
			knownRegions = (
				en,
				Base,
			);
			mainGroup = 4A8EA60320630549004F6713;
			productRefGroup = 4A8EA60D20630549004F6713 /* Products */;
			projectDirPath = "";
			projectRoot = "";
			targets = (
				4A8EA60B20630549004F6713 /* OnTheMapApp */,
				4A8EA61F20630549004F6713 /* OnTheMapAppTests */,
				4A8EA62A20630549004F6713 /* OnTheMapAppUITests */,
			);
		};
/* End PBXProject section */

/* Begin PBXResourcesBuildPhase section */
		4A8EA60A20630549004F6713 /* Resources */ = {
			isa = PBXResourcesBuildPhase;
			buildActionMask = 2147483647;
			files = (
				4A8EA61A20630549004F6713 /* LaunchScreen.storyboard in Resources */,
				4A8EA61720630549004F6713 /* Assets.xcassets in Resources */,
				4A8EA61520630549004F6713 /* Main.storyboard in Resources */,
			);
			runOnlyForDeploymentPostprocessing = 0;
		};
		4A8EA61E20630549004F6713 /* Resources */ = {
			isa = PBXResourcesBuildPhase;
			buildActionMask = 2147483647;
			files = (
			);
			runOnlyForDeploymentPostprocessing = 0;
		};
		4A8EA62920630549004F6713 /* Resources */ = {
			isa = PBXResourcesBuildPhase;
			buildActionMask = 2147483647;
			files = (
			);
			runOnlyForDeploymentPostprocessing = 0;
		};
/* End PBXResourcesBuildPhase section */

/* Begin PBXSourcesBuildPhase section */
		4A8EA60820630549004F6713 /* Sources */ = {
			isa = PBXSourcesBuildPhase;
			buildActionMask = 2147483647;
			files = (
				4AF0C2DF206C51B100172F3E /* ParseStudentInformation.swift in Sources */,
				4AF0C2ED206C532D00172F3E /* UdacityConstants.swift in Sources */,
				4AF0C2E3206C52BC00172F3E /* ParseConvenience.swift in Sources */,
				4AF0C2E1206C526C00172F3E /* ParseClient.swift in Sources */,
				4A8EA61220630549004F6713 /* LoginViewController.swift in Sources */,
				4A7628CA206DA09F00C5D9C5 /* AddNewPlaceViewController.swift in Sources */,
				4AF0C2DA206AF62400172F3E /* GCDBlackBox.swift in Sources */,
				4A96BA7120717E5B00C29113 /* UdacityAuthViewController.swift in Sources */,
				4A7628CE206DA0FC00C5D9C5 /* StudentsPlacesListViewController.swift in Sources */,
				4A7628CC206DA0D200C5D9C5 /* StudentsPlacesMapViewController.swift in Sources */,
				4AF0C2E7206C52DF00172F3E /* ParseConfig.swift in Sources */,
				4A8EA61020630549004F6713 /* AppDelegate.swift in Sources */,
				4A96BA73207AC59200C29113 /* OnTheMapTabViewController.swift in Sources */,
				4AF0C2E5206C52D100172F3E /* ParseConstants.swift in Sources */,
				4AF0C2E9206C530C00172F3E /* UdacityClient.swift in Sources */,
				4AF0C2EF206C534400172F3E /* UdacityConvenience.swift in Sources */,
			);
			runOnlyForDeploymentPostprocessing = 0;
		};
		4A8EA61C20630549004F6713 /* Sources */ = {
			isa = PBXSourcesBuildPhase;
			buildActionMask = 2147483647;
			files = (
				4A8EA62520630549004F6713 /* OnTheMapAppTests.swift in Sources */,
			);
			runOnlyForDeploymentPostprocessing = 0;
		};
		4A8EA62720630549004F6713 /* Sources */ = {
			isa = PBXSourcesBuildPhase;
			buildActionMask = 2147483647;
			files = (
				4A8EA63020630549004F6713 /* OnTheMapAppUITests.swift in Sources */,
			);
			runOnlyForDeploymentPostprocessing = 0;
		};
/* End PBXSourcesBuildPhase section */

/* Begin PBXTargetDependency section */
		4A8EA62220630549004F6713 /* PBXTargetDependency */ = {
			isa = PBXTargetDependency;
			target = 4A8EA60B20630549004F6713 /* OnTheMapApp */;
			targetProxy = 4A8EA62120630549004F6713 /* PBXContainerItemProxy */;
		};
		4A8EA62D20630549004F6713 /* PBXTargetDependency */ = {
			isa = PBXTargetDependency;
			target = 4A8EA60B20630549004F6713 /* OnTheMapApp */;
			targetProxy = 4A8EA62C20630549004F6713 /* PBXContainerItemProxy */;
		};
/* End PBXTargetDependency section */

/* Begin PBXVariantGroup section */
		4A8EA61320630549004F6713 /* Main.storyboard */ = {
			isa = PBXVariantGroup;
			children = (
				4A8EA61420630549004F6713 /* Base */,
			);
			name = Main.storyboard;
			sourceTree = "<group>";
		};
		4A8EA61820630549004F6713 /* LaunchScreen.storyboard */ = {
			isa = PBXVariantGroup;
			children = (
				4A8EA61920630549004F6713 /* Base */,
			);
			name = LaunchScreen.storyboard;
			sourceTree = "<group>";
		};
/* End PBXVariantGroup section */

/* Begin XCBuildConfiguration section */
		4A8EA63220630549004F6713 /* Debug */ = {
			isa = XCBuildConfiguration;
			buildSettings = {
				ALWAYS_SEARCH_USER_PATHS = NO;
				CLANG_ANALYZER_NONNULL = YES;
				CLANG_ANALYZER_NUMBER_OBJECT_CONVERSION = YES_AGGRESSIVE;
				CLANG_CXX_LANGUAGE_STANDARD = "gnu++14";
				CLANG_CXX_LIBRARY = "libc++";
				CLANG_ENABLE_MODULES = YES;
				CLANG_ENABLE_OBJC_ARC = YES;
				CLANG_WARN_BLOCK_CAPTURE_AUTORELEASING = YES;
				CLANG_WARN_BOOL_CONVERSION = YES;
				CLANG_WARN_COMMA = YES;
				CLANG_WARN_CONSTANT_CONVERSION = YES;
				CLANG_WARN_DEPRECATED_OBJC_IMPLEMENTATIONS = YES;
				CLANG_WARN_DIRECT_OBJC_ISA_USAGE = YES_ERROR;
				CLANG_WARN_DOCUMENTATION_COMMENTS = YES;
				CLANG_WARN_EMPTY_BODY = YES;
				CLANG_WARN_ENUM_CONVERSION = YES;
				CLANG_WARN_INFINITE_RECURSION = YES;
				CLANG_WARN_INT_CONVERSION = YES;
				CLANG_WARN_NON_LITERAL_NULL_CONVERSION = YES;
				CLANG_WARN_OBJC_IMPLICIT_RETAIN_SELF = YES;
				CLANG_WARN_OBJC_LITERAL_CONVERSION = YES;
				CLANG_WARN_OBJC_ROOT_CLASS = YES_ERROR;
				CLANG_WARN_RANGE_LOOP_ANALYSIS = YES;
				CLANG_WARN_STRICT_PROTOTYPES = YES;
				CLANG_WARN_SUSPICIOUS_MOVE = YES;
				CLANG_WARN_UNGUARDED_AVAILABILITY = YES_AGGRESSIVE;
				CLANG_WARN_UNREACHABLE_CODE = YES;
				CLANG_WARN__DUPLICATE_METHOD_MATCH = YES;
				CODE_SIGN_IDENTITY = "iPhone Developer";
				COPY_PHASE_STRIP = NO;
				DEBUG_INFORMATION_FORMAT = dwarf;
				ENABLE_STRICT_OBJC_MSGSEND = YES;
				ENABLE_TESTABILITY = YES;
				GCC_C_LANGUAGE_STANDARD = gnu11;
				GCC_DYNAMIC_NO_PIC = NO;
				GCC_NO_COMMON_BLOCKS = YES;
				GCC_OPTIMIZATION_LEVEL = 0;
				GCC_PREPROCESSOR_DEFINITIONS = (
					"DEBUG=1",
					"$(inherited)",
				);
				GCC_WARN_64_TO_32_BIT_CONVERSION = YES;
				GCC_WARN_ABOUT_RETURN_TYPE = YES_ERROR;
				GCC_WARN_UNDECLARED_SELECTOR = YES;
				GCC_WARN_UNINITIALIZED_AUTOS = YES_AGGRESSIVE;
				GCC_WARN_UNUSED_FUNCTION = YES;
				GCC_WARN_UNUSED_VARIABLE = YES;
				IPHONEOS_DEPLOYMENT_TARGET = 11.2;
				MTL_ENABLE_DEBUG_INFO = YES;
				ONLY_ACTIVE_ARCH = YES;
				SDKROOT = iphoneos;
				SWIFT_ACTIVE_COMPILATION_CONDITIONS = DEBUG;
				SWIFT_OPTIMIZATION_LEVEL = "-Onone";
			};
			name = Debug;
		};
		4A8EA63320630549004F6713 /* Release */ = {
			isa = XCBuildConfiguration;
			buildSettings = {
				ALWAYS_SEARCH_USER_PATHS = NO;
				CLANG_ANALYZER_NONNULL = YES;
				CLANG_ANALYZER_NUMBER_OBJECT_CONVERSION = YES_AGGRESSIVE;
				CLANG_CXX_LANGUAGE_STANDARD = "gnu++14";
				CLANG_CXX_LIBRARY = "libc++";
				CLANG_ENABLE_MODULES = YES;
				CLANG_ENABLE_OBJC_ARC = YES;
				CLANG_WARN_BLOCK_CAPTURE_AUTORELEASING = YES;
				CLANG_WARN_BOOL_CONVERSION = YES;
				CLANG_WARN_COMMA = YES;
				CLANG_WARN_CONSTANT_CONVERSION = YES;
				CLANG_WARN_DEPRECATED_OBJC_IMPLEMENTATIONS = YES;
				CLANG_WARN_DIRECT_OBJC_ISA_USAGE = YES_ERROR;
				CLANG_WARN_DOCUMENTATION_COMMENTS = YES;
				CLANG_WARN_EMPTY_BODY = YES;
				CLANG_WARN_ENUM_CONVERSION = YES;
				CLANG_WARN_INFINITE_RECURSION = YES;
				CLANG_WARN_INT_CONVERSION = YES;
				CLANG_WARN_NON_LITERAL_NULL_CONVERSION = YES;
				CLANG_WARN_OBJC_IMPLICIT_RETAIN_SELF = YES;
				CLANG_WARN_OBJC_LITERAL_CONVERSION = YES;
				CLANG_WARN_OBJC_ROOT_CLASS = YES_ERROR;
				CLANG_WARN_RANGE_LOOP_ANALYSIS = YES;
				CLANG_WARN_STRICT_PROTOTYPES = YES;
				CLANG_WARN_SUSPICIOUS_MOVE = YES;
				CLANG_WARN_UNGUARDED_AVAILABILITY = YES_AGGRESSIVE;
				CLANG_WARN_UNREACHABLE_CODE = YES;
				CLANG_WARN__DUPLICATE_METHOD_MATCH = YES;
				CODE_SIGN_IDENTITY = "iPhone Developer";
				COPY_PHASE_STRIP = NO;
				DEBUG_INFORMATION_FORMAT = "dwarf-with-dsym";
				ENABLE_NS_ASSERTIONS = NO;
				ENABLE_STRICT_OBJC_MSGSEND = YES;
				GCC_C_LANGUAGE_STANDARD = gnu11;
				GCC_NO_COMMON_BLOCKS = YES;
				GCC_WARN_64_TO_32_BIT_CONVERSION = YES;
				GCC_WARN_ABOUT_RETURN_TYPE = YES_ERROR;
				GCC_WARN_UNDECLARED_SELECTOR = YES;
				GCC_WARN_UNINITIALIZED_AUTOS = YES_AGGRESSIVE;
				GCC_WARN_UNUSED_FUNCTION = YES;
				GCC_WARN_UNUSED_VARIABLE = YES;
				IPHONEOS_DEPLOYMENT_TARGET = 11.2;
				MTL_ENABLE_DEBUG_INFO = NO;
				SDKROOT = iphoneos;
				SWIFT_OPTIMIZATION_LEVEL = "-Owholemodule";
				VALIDATE_PRODUCT = YES;
			};
			name = Release;
		};
		4A8EA63520630549004F6713 /* Debug */ = {
			isa = XCBuildConfiguration;
			buildSettings = {
				ASSETCATALOG_COMPILER_APPICON_NAME = AppIcon;
				CODE_SIGN_STYLE = Automatic;
				DEVELOPMENT_TEAM = XR7776YZ72;
				INFOPLIST_FILE = OnTheMapApp/Info.plist;
				LD_RUNPATH_SEARCH_PATHS = "$(inherited) @executable_path/Frameworks";
				PRODUCT_BUNDLE_IDENTIFIER = com.maxbogus.OnTheMapApp;
				PRODUCT_NAME = "$(TARGET_NAME)";
				SWIFT_VERSION = 4.0;
				TARGETED_DEVICE_FAMILY = "1,2";
			};
			name = Debug;
		};
		4A8EA63620630549004F6713 /* Release */ = {
			isa = XCBuildConfiguration;
			buildSettings = {
				ASSETCATALOG_COMPILER_APPICON_NAME = AppIcon;
				CODE_SIGN_STYLE = Automatic;
				DEVELOPMENT_TEAM = XR7776YZ72;
				INFOPLIST_FILE = OnTheMapApp/Info.plist;
				LD_RUNPATH_SEARCH_PATHS = "$(inherited) @executable_path/Frameworks";
				PRODUCT_BUNDLE_IDENTIFIER = com.maxbogus.OnTheMapApp;
				PRODUCT_NAME = "$(TARGET_NAME)";
				SWIFT_VERSION = 4.0;
				TARGETED_DEVICE_FAMILY = "1,2";
			};
			name = Release;
		};
		4A8EA63820630549004F6713 /* Debug */ = {
			isa = XCBuildConfiguration;
			buildSettings = {
				ALWAYS_EMBED_SWIFT_STANDARD_LIBRARIES = YES;
				BUNDLE_LOADER = "$(TEST_HOST)";
				CODE_SIGN_STYLE = Automatic;
				DEVELOPMENT_TEAM = XR7776YZ72;
				INFOPLIST_FILE = OnTheMapAppTests/Info.plist;
				LD_RUNPATH_SEARCH_PATHS = "$(inherited) @executable_path/Frameworks @loader_path/Frameworks";
				PRODUCT_BUNDLE_IDENTIFIER = com.maxbogus.OnTheMapAppTests;
				PRODUCT_NAME = "$(TARGET_NAME)";
				SWIFT_VERSION = 4.0;
				TARGETED_DEVICE_FAMILY = "1,2";
				TEST_HOST = "$(BUILT_PRODUCTS_DIR)/OnTheMapApp.app/OnTheMapApp";
			};
			name = Debug;
		};
		4A8EA63920630549004F6713 /* Release */ = {
			isa = XCBuildConfiguration;
			buildSettings = {
				ALWAYS_EMBED_SWIFT_STANDARD_LIBRARIES = YES;
				BUNDLE_LOADER = "$(TEST_HOST)";
				CODE_SIGN_STYLE = Automatic;
				DEVELOPMENT_TEAM = XR7776YZ72;
				INFOPLIST_FILE = OnTheMapAppTests/Info.plist;
				LD_RUNPATH_SEARCH_PATHS = "$(inherited) @executable_path/Frameworks @loader_path/Frameworks";
				PRODUCT_BUNDLE_IDENTIFIER = com.maxbogus.OnTheMapAppTests;
				PRODUCT_NAME = "$(TARGET_NAME)";
				SWIFT_VERSION = 4.0;
				TARGETED_DEVICE_FAMILY = "1,2";
				TEST_HOST = "$(BUILT_PRODUCTS_DIR)/OnTheMapApp.app/OnTheMapApp";
			};
			name = Release;
		};
		4A8EA63B20630549004F6713 /* Debug */ = {
			isa = XCBuildConfiguration;
			buildSettings = {
				ALWAYS_EMBED_SWIFT_STANDARD_LIBRARIES = YES;
				CODE_SIGN_STYLE = Automatic;
				DEVELOPMENT_TEAM = XR7776YZ72;
				INFOPLIST_FILE = OnTheMapAppUITests/Info.plist;
				LD_RUNPATH_SEARCH_PATHS = "$(inherited) @executable_path/Frameworks @loader_path/Frameworks";
				PRODUCT_BUNDLE_IDENTIFIER = com.maxbogus.OnTheMapAppUITests;
				PRODUCT_NAME = "$(TARGET_NAME)";
				SWIFT_VERSION = 4.0;
				TARGETED_DEVICE_FAMILY = "1,2";
				TEST_TARGET_NAME = OnTheMapApp;
			};
			name = Debug;
		};
		4A8EA63C20630549004F6713 /* Release */ = {
			isa = XCBuildConfiguration;
			buildSettings = {
				ALWAYS_EMBED_SWIFT_STANDARD_LIBRARIES = YES;
				CODE_SIGN_STYLE = Automatic;
				DEVELOPMENT_TEAM = XR7776YZ72;
				INFOPLIST_FILE = OnTheMapAppUITests/Info.plist;
				LD_RUNPATH_SEARCH_PATHS = "$(inherited) @executable_path/Frameworks @loader_path/Frameworks";
				PRODUCT_BUNDLE_IDENTIFIER = com.maxbogus.OnTheMapAppUITests;
				PRODUCT_NAME = "$(TARGET_NAME)";
				SWIFT_VERSION = 4.0;
				TARGETED_DEVICE_FAMILY = "1,2";
				TEST_TARGET_NAME = OnTheMapApp;
			};
			name = Release;
		};
/* End XCBuildConfiguration section */

/* Begin XCConfigurationList section */
		4A8EA60720630549004F6713 /* Build configuration list for PBXProject "OnTheMapApp" */ = {
			isa = XCConfigurationList;
			buildConfigurations = (
				4A8EA63220630549004F6713 /* Debug */,
				4A8EA63320630549004F6713 /* Release */,
			);
			defaultConfigurationIsVisible = 0;
			defaultConfigurationName = Release;
		};
		4A8EA63420630549004F6713 /* Build configuration list for PBXNativeTarget "OnTheMapApp" */ = {
			isa = XCConfigurationList;
			buildConfigurations = (
				4A8EA63520630549004F6713 /* Debug */,
				4A8EA63620630549004F6713 /* Release */,
			);
			defaultConfigurationIsVisible = 0;
			defaultConfigurationName = Release;
		};
		4A8EA63720630549004F6713 /* Build configuration list for PBXNativeTarget "OnTheMapAppTests" */ = {
			isa = XCConfigurationList;
			buildConfigurations = (
				4A8EA63820630549004F6713 /* Debug */,
				4A8EA63920630549004F6713 /* Release */,
			);
			defaultConfigurationIsVisible = 0;
			defaultConfigurationName = Release;
		};
		4A8EA63A20630549004F6713 /* Build configuration list for PBXNativeTarget "OnTheMapAppUITests" */ = {
			isa = XCConfigurationList;
			buildConfigurations = (
				4A8EA63B20630549004F6713 /* Debug */,
				4A8EA63C20630549004F6713 /* Release */,
			);
			defaultConfigurationIsVisible = 0;
			defaultConfigurationName = Release;
		};
/* End XCConfigurationList section */
	};
	rootObject = 4A8EA60420630549004F6713 /* Project object */;
}
